
Microsoft Visual Studio Solution File, Format Version 12.00
# Visual Studio Version 16
VisualStudioVersion = 16.0.29806.167
MinimumVisualStudioVersion = 10.0.40219.1
Project("{FAE04EC0-301F-11D3-BF4B-00C04F79EFBC}") = "CheckAzureColumns", "CheckAzureColumns\CheckAzureColumns.csproj", "{ED6BF29A-D430-480E-A835-2073921B7DB7}"
EndProject
Global
	GlobalSection(SolutionConfigurationPlatforms) = preSolution
		Debug|Any CPU = Debug|Any CPU
		Release|Any CPU = Release|Any CPU
	EndGlobalSection
	GlobalSection(ProjectConfigurationPlatforms) = postSolution
		{ED6BF29A-D430-480E-A835-2073921B7DB7}.Debug|Any CPU.ActiveCfg = Debug|Any CPU
		{ED6BF29A-D430-480E-A835-2073921B7DB7}.Debug|Any CPU.Build.0 = Debug|Any CPU
		{ED6BF29A-D430-480E-A835-2073921B7DB7}.Release|Any CPU.ActiveCfg = Release|Any CPU
		{ED6BF29A-D430-480E-A835-2073921B7DB7}.Release|Any CPU.Build.0 = Release|Any CPU
	EndGlobalSection
	GlobalSection(SolutionProperties) = preSolution
		HideSolutionNode = FALSE
	EndGlobalSection
	GlobalSection(ExtensibilityGlobals) = postSolution
		SolutionGuid = {51739E63-6D02-4555-BE3A-44E1A384DC95}
	EndGlobalSection
EndGlobal
